
Microsoft Visual Studio Solution File, Format Version 12.00
# Visual Studio 14
VisualStudioVersion = 14.0.25420.1
MinimumVisualStudioVersion = 10.0.40219.1
Project("{FAE04EC0-301F-11D3-BF4B-00C04F79EFBC}") = "prova_1_Q1", "prova_1_Q1\prova_1_Q1.csproj", "{828DA756-57EA-441B-A77A-F33947968697}"
EndProject
Project("{2150E333-8FDC-42A3-9474-1A3956D46DE8}") = "Solution Items", "Solution Items", "{B62CF759-CE05-45C3-BBDE-E90C393B34DF}"
	ProjectSection(SolutionItems) = preProject
		prova_1_Q1\Node.cs = prova_1_Q1\Node.cs
		prova_1_Q1\Stack.cs = prova_1_Q1\Stack.cs
	EndProjectSection
EndProject
Global
	GlobalSection(SolutionConfigurationPlatforms) = preSolution
		Debug|Any CPU = Debug|Any CPU
		Release|Any CPU = Release|Any CPU
	EndGlobalSection
	GlobalSection(ProjectConfigurationPlatforms) = postSolution
		{828DA756-57EA-441B-A77A-F33947968697}.Debug|Any CPU.ActiveCfg = Debug|Any CPU
		{828DA756-57EA-441B-A77A-F33947968697}.Debug|Any CPU.Build.0 = Debug|Any CPU
		{828DA756-57EA-441B-A77A-F33947968697}.Release|Any CPU.ActiveCfg = Release|Any CPU
		{828DA756-57EA-441B-A77A-F33947968697}.Release|Any CPU.Build.0 = Release|Any CPU
	EndGlobalSection
	GlobalSection(SolutionProperties) = preSolution
		HideSolutionNode = FALSE
	EndGlobalSection
EndGlobal
