
Microsoft Visual Studio Solution File, Format Version 12.00
# Visual Studio 15
VisualStudioVersion = 15.0.26730.16
MinimumVisualStudioVersion = 10.0.40219.1
Project("{FAE04EC0-301F-11D3-BF4B-00C04F79EFBC}") = "caGrafo", "caGrafo\caGrafo.csproj", "{021837A7-0BE7-42F3-B688-3B9E55FC5DD4}"
EndProject
Global
	GlobalSection(SolutionConfigurationPlatforms) = preSolution
		Debug|Any CPU = Debug|Any CPU
		Release|Any CPU = Release|Any CPU
	EndGlobalSection
	GlobalSection(ProjectConfigurationPlatforms) = postSolution
		{021837A7-0BE7-42F3-B688-3B9E55FC5DD4}.Debug|Any CPU.ActiveCfg = Debug|Any CPU
		{021837A7-0BE7-42F3-B688-3B9E55FC5DD4}.Debug|Any CPU.Build.0 = Debug|Any CPU
		{021837A7-0BE7-42F3-B688-3B9E55FC5DD4}.Release|Any CPU.ActiveCfg = Release|Any CPU
		{021837A7-0BE7-42F3-B688-3B9E55FC5DD4}.Release|Any CPU.Build.0 = Release|Any CPU
	EndGlobalSection
	GlobalSection(SolutionProperties) = preSolution
		HideSolutionNode = FALSE
	EndGlobalSection
	GlobalSection(ExtensibilityGlobals) = postSolution
		SolutionGuid = {68C3C75C-E7FC-4EF1-8B82-A9C3E813B2F9}
	EndGlobalSection
EndGlobal
